
Microsoft Visual Studio Solution File, Format Version 12.00
# Visual Studio Version 17
VisualStudioVersion = 17.9.34723.18
MinimumVisualStudioVersion = 10.0.40219.1
Project("{A1684561-953B-4240-9F71-E812C02803E4}") = "UIFixes", "UIFixes.csproj", "{240CCF3A-4A9E-4C7D-96BB-AD7C375892BF}"
EndProject
Global
	GlobalSection(SolutionConfigurationPlatforms) = preSolution
		Debug|Any CPU = Debug|Any CPU
		Release|Any CPU = Release|Any CPU
	EndGlobalSection
	GlobalSection(ProjectConfigurationPlatforms) = postSolution
		{240CCF3A-4A9E-4C7D-96BB-AD7C375892BF}.Debug|Any CPU.ActiveCfg = Debug|Any CPU
		{240CCF3A-4A9E-4C7D-96BB-AD7C375892BF}.Debug|Any CPU.Build.0 = Debug|Any CPU
		{240CCF3A-4A9E-4C7D-96BB-AD7C375892BF}.Release|Any CPU.ActiveCfg = Release|Any CPU
		{240CCF3A-4A9E-4C7D-96BB-AD7C375892BF}.Release|Any CPU.Build.0 = Release|Any CPU
	EndGlobalSection
	GlobalSection(SolutionProperties) = preSolution
		HideSolutionNode = FALSE
	EndGlobalSection
	GlobalSection(ExtensibilityGlobals) = postSolution
		SolutionGuid = {336734EA-512C-4670-A1CF-1E1690F46F4A}
	EndGlobalSection
EndGlobal
